{
  "name": "assert-equal-html",
  "version": "0.0.1",
  "lockfileVersion": 1,
  "requires": true,
  "dependencies": {
    "@types/node": {
      "version": "13.13.3",
      "resolved": "https://registry.npmjs.org/@types/node/-/node-13.13.3.tgz",
      "integrity": "sha512-FiVARmwSn2s0nXKJM9V7jWtGiSeUc58dxIRIhLPrPZTPRUEoHMK7BDEo0XWxQ9vNflxoUQlGDBn9/gLxORzLKQ==",
      "dev": true
    },
    "@types/parse5": {
      "version": "5.0.2",
      "resolved": "https://registry.npmjs.org/@types/parse5/-/parse5-5.0.2.tgz",
      "integrity": "sha512-BOl+6KDs4ItndUWUFchy3aEqGdHhw0BC4Uu+qoDonN/f0rbUnJbm71Ulj8Tt9jLFRaAxPLKvdS1bBLfx1qXR9g==",
      "dev": true
    },
    "@types/parse5-sax-parser": {
      "version": "5.0.1",
      "resolved": "https://registry.npmjs.org/@types/parse5-sax-parser/-/parse5-sax-parser-5.0.1.tgz",
      "integrity": "sha512-wBEwg10aACLggnb44CwzAA27M1Jrc/8TR16zA61/rKO5XZoi7JSfLjdpXbshsm7wOlM6hpfvwygh40rzM2RsQQ==",
      "dev": true,
      "requires": {
        "@types/node": "*",
        "@types/parse5": "*"
      }
    },
    "parse5": {
      "version": "6.0.0",
      "resolved": "https://registry.npmjs.org/parse5/-/parse5-6.0.0.tgz",
      "integrity": "sha512-lC0A+4DefTdRr+DLQlEwwZqndL9VzEjiuegI5bj3hp4bnzzwQldSqCpHv7+msRpSOHGJyJvkcCa4q15LMUJ8rg=="
    },
    "parse5-sax-parser": {
      "version": "6.0.0",
      "resolved": "https://registry.npmjs.org/parse5-sax-parser/-/parse5-sax-parser-6.0.0.tgz",
      "integrity": "sha512-dgswEN0I3BoGLIKusgLHtYPwqGwg5lWiSGR2DZkQcq8VUXYLiKoAF8JE4xVd4Rb9H5PZLcvOixAau223dGcOsg==",
      "requires": {
        "parse5": "^6.0.0"
      }
    },
    "smoltest": {
      "version": "1.0.5",
      "resolved": "https://registry.npmjs.org/smoltest/-/smoltest-1.0.5.tgz",
      "integrity": "sha512-m+isFPa64MWMByxXu+52Beh1BHl+hqDFMZNKdN0E9//1hoGW5gQ4mmwjyK6rVjvRv2SNsVUC7FBYhZE+/yPA7g==",
      "dev": true
    }
  }
}
